// !$*UTF8*$!
{
	archiveVersion = 1;
	classes = {
	};
	objectVersion = 56;
	objects = {

/* Begin PBXBuildFile section */
		BD80A5AF2A4B3B7800E79605 /* fileExampleApp.swift in Sources */ = {isa = PBXBuildFile; fileRef = BD80A5AE2A4B3B7800E79605 /* fileExampleApp.swift */; };
		BD80A5B12A4B3B7800E79605 /* ContentView.swift in Sources */ = {isa = PBXBuildFile; fileRef = BD80A5B02A4B3B7800E79605 /* ContentView.swift */; };
		BD80A5B32A4B3B7A00E79605 /* Assets.xcassets in Resources */ = {isa = PBXBuildFile; fileRef = BD80A5B22A4B3B7A00E79605 /* Assets.xcassets */; };
		BD80A5B62A4B3B7A00E79605 /* Preview Assets.xcassets in Resources */ = {isa = PBXBuildFile; fileRef = BD80A5B52A4B3B7A00E79605 /* Preview Assets.xcassets */; };
		BD80A5C02A4B3B7A00E79605 /* fileExampleTests.swift in Sources */ = {isa = PBXBuildFile; fileRef = BD80A5BF2A4B3B7A00E79605 /* fileExampleTests.swift */; };
		BD80A5CA2A4B3B7A00E79605 /* fileExampleUITests.swift in Sources */ = {isa = PBXBuildFile; fileRef = BD80A5C92A4B3B7A00E79605 /* fileExampleUITests.swift */; };
		BD80A5CC2A4B3B7A00E79605 /* fileExampleUITestsLaunchTests.swift in Sources */ = {isa = PBXBuildFile; fileRef = BD80A5CB2A4B3B7A00E79605 /* fileExampleUITestsLaunchTests.swift */; };
/* End PBXBuildFile section */

/* Begin PBXContainerItemProxy section */
		BD80A5BC2A4B3B7A00E79605 /* PBXContainerItemProxy */ = {
			isa = PBXContainerItemProxy;
			containerPortal = BD80A5A32A4B3B7800E79605 /* Project object */;
			proxyType = 1;
			remoteGlobalIDString = BD80A5AA2A4B3B7800E79605;
			remoteInfo = fileExample;
		};
		BD80A5C62A4B3B7A00E79605 /* PBXContainerItemProxy */ = {
			isa = PBXContainerItemProxy;
			containerPortal = BD80A5A32A4B3B7800E79605 /* Project object */;
			proxyType = 1;
			remoteGlobalIDString = BD80A5AA2A4B3B7800E79605;
			remoteInfo = fileExample;
		};
/* End PBXContainerItemProxy section */

/* Begin PBXFileReference section */
		BD80A5AB2A4B3B7800E79605 /* fileExample.app */ = {isa = PBXFileReference; explicitFileType = wrapper.application; includeInIndex = 0; path = fileExample.app; sourceTree = BUILT_PRODUCTS_DIR; };
		BD80A5AE2A4B3B7800E79605 /* fileExampleApp.swift */ = {isa = PBXFileReference; lastKnownFileType = sourcecode.swift; path = fileExampleApp.swift; sourceTree = "<group>"; };
		BD80A5B02A4B3B7800E79605 /* ContentView.swift */ = {isa = PBXFileReference; lastKnownFileType = sourcecode.swift; path = ContentView.swift; sourceTree = "<group>"; };
		BD80A5B22A4B3B7A00E79605 /* Assets.xcassets */ = {isa = PBXFileReference; lastKnownFileType = folder.assetcatalog; path = Assets.xcassets; sourceTree = "<group>"; };
		BD80A5B52A4B3B7A00E79605 /* Preview Assets.xcassets */ = {isa = PBXFileReference; lastKnownFileType = folder.assetcatalog; path = "Preview Assets.xcassets"; sourceTree = "<group>"; };
		BD80A5BB2A4B3B7A00E79605 /* fileExampleTests.xctest */ = {isa = PBXFileReference; explicitFileType = wrapper.cfbundle; includeInIndex = 0; path = fileExampleTests.xctest; sourceTree = BUILT_PRODUCTS_DIR; };
		BD80A5BF2A4B3B7A00E79605 /* fileExampleTests.swift */ = {isa = PBXFileReference; lastKnownFileType = sourcecode.swift; path = fileExampleTests.swift; sourceTree = "<group>"; };
		BD80A5C52A4B3B7A00E79605 /* fileExampleUITests.xctest */ = {isa = PBXFileReference; explicitFileType = wrapper.cfbundle; includeInIndex = 0; path = fileExampleUITests.xctest; sourceTree = BUILT_PRODUCTS_DIR; };
		BD80A5C92A4B3B7A00E79605 /* fileExampleUITests.swift */ = {isa = PBXFileReference; lastKnownFileType = sourcecode.swift; path = fileExampleUITests.swift; sourceTree = "<group>"; };
		BD80A5CB2A4B3B7A00E79605 /* fileExampleUITestsLaunchTests.swift */ = {isa = PBXFileReference; lastKnownFileType = sourcecode.swift; path = fileExampleUITestsLaunchTests.swift; sourceTree = "<group>"; };
/* End PBXFileReference section */

/* Begin PBXFrameworksBuildPhase section */
		BD80A5A82A4B3B7800E79605 /* Frameworks */ = {
			isa = PBXFrameworksBuildPhase;
			buildActionMask = 2147483647;
			files = (
			);
			runOnlyForDeploymentPostprocessing = 0;
		};
		BD80A5B82A4B3B7A00E79605 /* Frameworks */ = {
			isa = PBXFrameworksBuildPhase;
			buildActionMask = 2147483647;
			files = (
			);
			runOnlyForDeploymentPostprocessing = 0;
		};
		BD80A5C22A4B3B7A00E79605 /* Frameworks */ = {
			isa = PBXFrameworksBuildPhase;
			buildActionMask = 2147483647;
			files = (
			);
			runOnlyForDeploymentPostprocessing = 0;
		};
/* End PBXFrameworksBuildPhase section */

/* Begin PBXGroup section */
		BD80A5A22A4B3B7800E79605 = {
			isa = PBXGroup;
			children = (
				BD80A5AD2A4B3B7800E79605 /* fileExample */,
				BD80A5BE2A4B3B7A00E79605 /* fileExampleTests */,
				BD80A5C82A4B3B7A00E79605 /* fileExampleUITests */,
				BD80A5AC2A4B3B7800E79605 /* Products */,
			);
			sourceTree = "<group>";
		};
		BD80A5AC2A4B3B7800E79605 /* Products */ = {
			isa = PBXGroup;
			children = (
				BD80A5AB2A4B3B7800E79605 /* fileExample.app */,
				BD80A5BB2A4B3B7A00E79605 /* fileExampleTests.xctest */,
				BD80A5C52A4B3B7A00E79605 /* fileExampleUITests.xctest */,
			);
			name = Products;
			sourceTree = "<group>";
		};
		BD80A5AD2A4B3B7800E79605 /* fileExample */ = {
			isa = PBXGroup;
			children = (
				BD80A5AE2A4B3B7800E79605 /* fileExampleApp.swift */,
				BD80A5B02A4B3B7800E79605 /* ContentView.swift */,
				BD80A5B22A4B3B7A00E79605 /* Assets.xcassets */,
				BD80A5B42A4B3B7A00E79605 /* Preview Content */,
			);
			path = fileExample;
			sourceTree = "<group>";
		};
		BD80A5B42A4B3B7A00E79605 /* Preview Content */ = {
			isa = PBXGroup;
			children = (
				BD80A5B52A4B3B7A00E79605 /* Preview Assets.xcassets */,
			);
			path = "Preview Content";
			sourceTree = "<group>";
		};
		BD80A5BE2A4B3B7A00E79605 /* fileExampleTests */ = {
			isa = PBXGroup;
			children = (
				BD80A5BF2A4B3B7A00E79605 /* fileExampleTests.swift */,
			);
			path = fileExampleTests;
			sourceTree = "<group>";
		};
		BD80A5C82A4B3B7A00E79605 /* fileExampleUITests */ = {
			isa = PBXGroup;
			children = (
				BD80A5C92A4B3B7A00E79605 /* fileExampleUITests.swift */,
				BD80A5CB2A4B3B7A00E79605 /* fileExampleUITestsLaunchTests.swift */,
			);
			path = fileExampleUITests;
			sourceTree = "<group>";
		};
/* End PBXGroup section */

/* Begin PBXNativeTarget section */
		BD80A5AA2A4B3B7800E79605 /* fileExample */ = {
			isa = PBXNativeTarget;
			buildConfigurationList = BD80A5CF2A4B3B7A00E79605 /* Build configuration list for PBXNativeTarget "fileExample" */;
			buildPhases = (
				BD80A5A72A4B3B7800E79605 /* Sources */,
				BD80A5A82A4B3B7800E79605 /* Frameworks */,
				BD80A5A92A4B3B7800E79605 /* Resources */,
			);
			buildRules = (
			);
			dependencies = (
			);
			name = fileExample;
			productName = fileExample;
			productReference = BD80A5AB2A4B3B7800E79605 /* fileExample.app */;
			productType = "com.apple.product-type.application";
		};
		BD80A5BA2A4B3B7A00E79605 /* fileExampleTests */ = {
			isa = PBXNativeTarget;
			buildConfigurationList = BD80A5D22A4B3B7A00E79605 /* Build configuration list for PBXNativeTarget "fileExampleTests" */;
			buildPhases = (
				BD80A5B72A4B3B7A00E79605 /* Sources */,
				BD80A5B82A4B3B7A00E79605 /* Frameworks */,
				BD80A5B92A4B3B7A00E79605 /* Resources */,
			);
			buildRules = (
			);
			dependencies = (
				BD80A5BD2A4B3B7A00E79605 /* PBXTargetDependency */,
			);
			name = fileExampleTests;
			productName = fileExampleTests;
			productReference = BD80A5BB2A4B3B7A00E79605 /* fileExampleTests.xctest */;
			productType = "com.apple.product-type.bundle.unit-test";
		};
		BD80A5C42A4B3B7A00E79605 /* fileExampleUITests */ = {
			isa = PBXNativeTarget;
			buildConfigurationList = BD80A5D52A4B3B7A00E79605 /* Build configuration list for PBXNativeTarget "fileExampleUITests" */;
			buildPhases = (
				BD80A5C12A4B3B7A00E79605 /* Sources */,
				BD80A5C22A4B3B7A00E79605 /* Frameworks */,
				BD80A5C32A4B3B7A00E79605 /* Resources */,
			);
			buildRules = (
			);
			dependencies = (
				BD80A5C72A4B3B7A00E79605 /* PBXTargetDependency */,
			);
			name = fileExampleUITests;
			productName = fileExampleUITests;
			productReference = BD80A5C52A4B3B7A00E79605 /* fileExampleUITests.xctest */;
			productType = "com.apple.product-type.bundle.ui-testing";
		};
/* End PBXNativeTarget section */

/* Begin PBXProject section */
		BD80A5A32A4B3B7800E79605 /* Project object */ = {
			isa = PBXProject;
			attributes = {
				BuildIndependentTargetsInParallel = 1;
				LastSwiftUpdateCheck = 1430;
				LastUpgradeCheck = 1430;
				TargetAttributes = {
					BD80A5AA2A4B3B7800E79605 = {
						CreatedOnToolsVersion = 14.3.1;
					};
					BD80A5BA2A4B3B7A00E79605 = {
						CreatedOnToolsVersion = 14.3.1;
						TestTargetID = BD80A5AA2A4B3B7800E79605;
					};
					BD80A5C42A4B3B7A00E79605 = {
						CreatedOnToolsVersion = 14.3.1;
						TestTargetID = BD80A5AA2A4B3B7800E79605;
					};
				};
			};
			buildConfigurationList = BD80A5A62A4B3B7800E79605 /* Build configuration list for PBXProject "fileExample" */;
			compatibilityVersion = "Xcode 14.0";
			developmentRegion = en;
			hasScannedForEncodings = 0;
			knownRegions = (
				en,
				Base,
			);
			mainGroup = BD80A5A22A4B3B7800E79605;
			productRefGroup = BD80A5AC2A4B3B7800E79605 /* Products */;
			projectDirPath = "";
			projectRoot = "";
			targets = (
				BD80A5AA2A4B3B7800E79605 /* fileExample */,
				BD80A5BA2A4B3B7A00E79605 /* fileExampleTests */,
				BD80A5C42A4B3B7A00E79605 /* fileExampleUITests */,
			);
		};
/* End PBXProject section */

/* Begin PBXResourcesBuildPhase section */
		BD80A5A92A4B3B7800E79605 /* Resources */ = {
			isa = PBXResourcesBuildPhase;
			buildActionMask = 2147483647;
			files = (
				BD80A5B62A4B3B7A00E79605 /* Preview Assets.xcassets in Resources */,
				BD80A5B32A4B3B7A00E79605 /* Assets.xcassets in Resources */,
			);
			runOnlyForDeploymentPostprocessing = 0;
		};
		BD80A5B92A4B3B7A00E79605 /* Resources */ = {
			isa = PBXResourcesBuildPhase;
			buildActionMask = 2147483647;
			files = (
			);
			runOnlyForDeploymentPostprocessing = 0;
		};
		BD80A5C32A4B3B7A00E79605 /* Resources */ = {
			isa = PBXResourcesBuildPhase;
			buildActionMask = 2147483647;
			files = (
			);
			runOnlyForDeploymentPostprocessing = 0;
		};
/* End PBXResourcesBuildPhase section */

/* Begin PBXSourcesBuildPhase section */
		BD80A5A72A4B3B7800E79605 /* Sources */ = {
			isa = PBXSourcesBuildPhase;
			buildActionMask = 2147483647;
			files = (
				BD80A5B12A4B3B7800E79605 /* ContentView.swift in Sources */,
				BD80A5AF2A4B3B7800E79605 /* fileExampleApp.swift in Sources */,
			);
			runOnlyForDeploymentPostprocessing = 0;
		};
		BD80A5B72A4B3B7A00E79605 /* Sources */ = {
			isa = PBXSourcesBuildPhase;
			buildActionMask = 2147483647;
			files = (
				BD80A5C02A4B3B7A00E79605 /* fileExampleTests.swift in Sources */,
			);
			runOnlyForDeploymentPostprocessing = 0;
		};
		BD80A5C12A4B3B7A00E79605 /* Sources */ = {
			isa = PBXSourcesBuildPhase;
			buildActionMask = 2147483647;
			files = (
				BD80A5CA2A4B3B7A00E79605 /* fileExampleUITests.swift in Sources */,
				BD80A5CC2A4B3B7A00E79605 /* fileExampleUITestsLaunchTests.swift in Sources */,
			);
			runOnlyForDeploymentPostprocessing = 0;
		};
/* End PBXSourcesBuildPhase section */

/* Begin PBXTargetDependency section */
		BD80A5BD2A4B3B7A00E79605 /* PBXTargetDependency */ = {
			isa = PBXTargetDependency;
			target = BD80A5AA2A4B3B7800E79605 /* fileExample */;
			targetProxy = BD80A5BC2A4B3B7A00E79605 /* PBXContainerItemProxy */;
		};
		BD80A5C72A4B3B7A00E79605 /* PBXTargetDependency */ = {
			isa = PBXTargetDependency;
			target = BD80A5AA2A4B3B7800E79605 /* fileExample */;
			targetProxy = BD80A5C62A4B3B7A00E79605 /* PBXContainerItemProxy */;
		};
/* End PBXTargetDependency section */

/* Begin XCBuildConfiguration section */
		BD80A5CD2A4B3B7A00E79605 /* Debug */ = {
			isa = XCBuildConfiguration;
			buildSettings = {
				ALWAYS_SEARCH_USER_PATHS = NO;
				CLANG_ANALYZER_NONNULL = YES;
				CLANG_ANALYZER_NUMBER_OBJECT_CONVERSION = YES_AGGRESSIVE;
				CLANG_CXX_LANGUAGE_STANDARD = "gnu++20";
				CLANG_ENABLE_MODULES = YES;
				CLANG_ENABLE_OBJC_ARC = YES;
				CLANG_ENABLE_OBJC_WEAK = YES;
				CLANG_WARN_BLOCK_CAPTURE_AUTORELEASING = YES;
				CLANG_WARN_BOOL_CONVERSION = YES;
				CLANG_WARN_COMMA = YES;
				CLANG_WARN_CONSTANT_CONVERSION = YES;
				CLANG_WARN_DEPRECATED_OBJC_IMPLEMENTATIONS = YES;
				CLANG_WARN_DIRECT_OBJC_ISA_USAGE = YES_ERROR;
				CLANG_WARN_DOCUMENTATION_COMMENTS = YES;
				CLANG_WARN_EMPTY_BODY = YES;
				CLANG_WARN_ENUM_CONVERSION = YES;
				CLANG_WARN_INFINITE_RECURSION = YES;
				CLANG_WARN_INT_CONVERSION = YES;
				CLANG_WARN_NON_LITERAL_NULL_CONVERSION = YES;
				CLANG_WARN_OBJC_IMPLICIT_RETAIN_SELF = YES;
				CLANG_WARN_OBJC_LITERAL_CONVERSION = YES;
				CLANG_WARN_OBJC_ROOT_CLASS = YES_ERROR;
				CLANG_WARN_QUOTED_INCLUDE_IN_FRAMEWORK_HEADER = YES;
				CLANG_WARN_RANGE_LOOP_ANALYSIS = YES;
				CLANG_WARN_STRICT_PROTOTYPES = YES;
				CLANG_WARN_SUSPICIOUS_MOVE = YES;
				CLANG_WARN_UNGUARDED_AVAILABILITY = YES_AGGRESSIVE;
				CLANG_WARN_UNREACHABLE_CODE = YES;
				CLANG_WARN__DUPLICATE_METHOD_MATCH = YES;
				COPY_PHASE_STRIP = NO;
				DEBUG_INFORMATION_FORMAT = dwarf;
				ENABLE_STRICT_OBJC_MSGSEND = YES;
				ENABLE_TESTABILITY = YES;
				GCC_C_LANGUAGE_STANDARD = gnu11;
				GCC_DYNAMIC_NO_PIC = NO;
				GCC_NO_COMMON_BLOCKS = YES;
				GCC_OPTIMIZATION_LEVEL = 0;
				GCC_PREPROCESSOR_DEFINITIONS = (
					"DEBUG=1",
					"$(inherited)",
				);
				GCC_WARN_64_TO_32_BIT_CONVERSION = YES;
				GCC_WARN_ABOUT_RETURN_TYPE = YES_ERROR;
				GCC_WARN_UNDECLARED_SELECTOR = YES;
				GCC_WARN_UNINITIALIZED_AUTOS = YES_AGGRESSIVE;
				GCC_WARN_UNUSED_FUNCTION = YES;
				GCC_WARN_UNUSED_VARIABLE = YES;
				IPHONEOS_DEPLOYMENT_TARGET = 16.4;
				MTL_ENABLE_DEBUG_INFO = INCLUDE_SOURCE;
				MTL_FAST_MATH = YES;
				ONLY_ACTIVE_ARCH = YES;
				SDKROOT = iphoneos;
				SWIFT_ACTIVE_COMPILATION_CONDITIONS = DEBUG;
				SWIFT_OPTIMIZATION_LEVEL = "-Onone";
			};
			name = Debug;
		};
		BD80A5CE2A4B3B7A00E79605 /* Release */ = {
			isa = XCBuildConfiguration;
			buildSettings = {
				ALWAYS_SEARCH_USER_PATHS = NO;
				CLANG_ANALYZER_NONNULL = YES;
				CLANG_ANALYZER_NUMBER_OBJECT_CONVERSION = YES_AGGRESSIVE;
				CLANG_CXX_LANGUAGE_STANDARD = "gnu++20";
				CLANG_ENABLE_MODULES = YES;
				CLANG_ENABLE_OBJC_ARC = YES;
				CLANG_ENABLE_OBJC_WEAK = YES;
				CLANG_WARN_BLOCK_CAPTURE_AUTORELEASING = YES;
				CLANG_WARN_BOOL_CONVERSION = YES;
				CLANG_WARN_COMMA = YES;
				CLANG_WARN_CONSTANT_CONVERSION = YES;
				CLANG_WARN_DEPRECATED_OBJC_IMPLEMENTATIONS = YES;
				CLANG_WARN_DIRECT_OBJC_ISA_USAGE = YES_ERROR;
				CLANG_WARN_DOCUMENTATION_COMMENTS = YES;
				CLANG_WARN_EMPTY_BODY = YES;
				CLANG_WARN_ENUM_CONVERSION = YES;
				CLANG_WARN_INFINITE_RECURSION = YES;
				CLANG_WARN_INT_CONVERSION = YES;
				CLANG_WARN_NON_LITERAL_NULL_CONVERSION = YES;
				CLANG_WARN_OBJC_IMPLICIT_RETAIN_SELF = YES;
				CLANG_WARN_OBJC_LITERAL_CONVERSION = YES;
				CLANG_WARN_OBJC_ROOT_CLASS = YES_ERROR;
				CLANG_WARN_QUOTED_INCLUDE_IN_FRAMEWORK_HEADER = YES;
				CLANG_WARN_RANGE_LOOP_ANALYSIS = YES;
				CLANG_WARN_STRICT_PROTOTYPES = YES;
				CLANG_WARN_SUSPICIOUS_MOVE = YES;
				CLANG_WARN_UNGUARDED_AVAILABILITY = YES_AGGRESSIVE;
				CLANG_WARN_UNREACHABLE_CODE = YES;
				CLANG_WARN__DUPLICATE_METHOD_MATCH = YES;
				COPY_PHASE_STRIP = NO;
				DEBUG_INFORMATION_FORMAT = "dwarf-with-dsym";
				ENABLE_NS_ASSERTIONS = NO;
				ENABLE_STRICT_OBJC_MSGSEND = YES;
				GCC_C_LANGUAGE_STANDARD = gnu11;
				GCC_NO_COMMON_BLOCKS = YES;
				GCC_WARN_64_TO_32_BIT_CONVERSION = YES;
				GCC_WARN_ABOUT_RETURN_TYPE = YES_ERROR;
				GCC_WARN_UNDECLARED_SELECTOR = YES;
				GCC_WARN_UNINITIALIZED_AUTOS = YES_AGGRESSIVE;
				GCC_WARN_UNUSED_FUNCTION = YES;
				GCC_WARN_UNUSED_VARIABLE = YES;
				IPHONEOS_DEPLOYMENT_TARGET = 16.4;
				MTL_ENABLE_DEBUG_INFO = NO;
				MTL_FAST_MATH = YES;
				SDKROOT = iphoneos;
				SWIFT_COMPILATION_MODE = wholemodule;
				SWIFT_OPTIMIZATION_LEVEL = "-O";
				VALIDATE_PRODUCT = YES;
			};
			name = Release;
		};
		BD80A5D02A4B3B7A00E79605 /* Debug */ = {
			isa = XCBuildConfiguration;
			buildSettings = {
				ASSETCATALOG_COMPILER_APPICON_NAME = AppIcon;
				ASSETCATALOG_COMPILER_GLOBAL_ACCENT_COLOR_NAME = AccentColor;
				CODE_SIGN_STYLE = Automatic;
				CURRENT_PROJECT_VERSION = 1;
				DEVELOPMENT_ASSET_PATHS = "\"fileExample/Preview Content\"";
				ENABLE_PREVIEWS = YES;
				GENERATE_INFOPLIST_FILE = YES;
				INFOPLIST_KEY_UIApplicationSceneManifest_Generation = YES;
				INFOPLIST_KEY_UIApplicationSupportsIndirectInputEvents = YES;
				INFOPLIST_KEY_UILaunchScreen_Generation = YES;
				INFOPLIST_KEY_UISupportedInterfaceOrientations_iPad = "UIInterfaceOrientationPortrait UIInterfaceOrientationPortraitUpsideDown UIInterfaceOrientationLandscapeLeft UIInterfaceOrientationLandscapeRight";
				INFOPLIST_KEY_UISupportedInterfaceOrientations_iPhone = "UIInterfaceOrientationPortrait UIInterfaceOrientationLandscapeLeft UIInterfaceOrientationLandscapeRight";
				LD_RUNPATH_SEARCH_PATHS = (
					"$(inherited)",
					"@executable_path/Frameworks",
				);
				MARKETING_VERSION = 1.0;
				PRODUCT_BUNDLE_IDENTIFIER = kwk.fileExample;
				PRODUCT_NAME = "$(TARGET_NAME)";
				SWIFT_EMIT_LOC_STRINGS = YES;
				SWIFT_VERSION = 5.0;
				TARGETED_DEVICE_FAMILY = "1,2";
			};
			name = Debug;
		};
		BD80A5D12A4B3B7A00E79605 /* Release */ = {
			isa = XCBuildConfiguration;
			buildSettings = {
				ASSETCATALOG_COMPILER_APPICON_NAME = AppIcon;
				ASSETCATALOG_COMPILER_GLOBAL_ACCENT_COLOR_NAME = AccentColor;
				CODE_SIGN_STYLE = Automatic;
				CURRENT_PROJECT_VERSION = 1;
				DEVELOPMENT_ASSET_PATHS = "\"fileExample/Preview Content\"";
				ENABLE_PREVIEWS = YES;
				GENERATE_INFOPLIST_FILE = YES;
				INFOPLIST_KEY_UIApplicationSceneManifest_Generation = YES;
				INFOPLIST_KEY_UIApplicationSupportsIndirectInputEvents = YES;
				INFOPLIST_KEY_UILaunchScreen_Generation = YES;
				INFOPLIST_KEY_UISupportedInterfaceOrientations_iPad = "UIInterfaceOrientationPortrait UIInterfaceOrientationPortraitUpsideDown UIInterfaceOrientationLandscapeLeft UIInterfaceOrientationLandscapeRight";
				INFOPLIST_KEY_UISupportedInterfaceOrientations_iPhone = "UIInterfaceOrientationPortrait UIInterfaceOrientationLandscapeLeft UIInterfaceOrientationLandscapeRight";
				LD_RUNPATH_SEARCH_PATHS = (
					"$(inherited)",
					"@executable_path/Frameworks",
				);
				MARKETING_VERSION = 1.0;
				PRODUCT_BUNDLE_IDENTIFIER = kwk.fileExample;
				PRODUCT_NAME = "$(TARGET_NAME)";
				SWIFT_EMIT_LOC_STRINGS = YES;
				SWIFT_VERSION = 5.0;
				TARGETED_DEVICE_FAMILY = "1,2";
			};
			name = Release;
		};
		BD80A5D32A4B3B7A00E79605 /* Debug */ = {
			isa = XCBuildConfiguration;
			buildSettings = {
				ALWAYS_EMBED_SWIFT_STANDARD_LIBRARIES = YES;
				BUNDLE_LOADER = "$(TEST_HOST)";
				CODE_SIGN_STYLE = Automatic;
				CURRENT_PROJECT_VERSION = 1;
				GENERATE_INFOPLIST_FILE = YES;
				IPHONEOS_DEPLOYMENT_TARGET = 16.4;
				MARKETING_VERSION = 1.0;
				PRODUCT_BUNDLE_IDENTIFIER = kwk.fileExampleTests;
				PRODUCT_NAME = "$(TARGET_NAME)";
				SWIFT_EMIT_LOC_STRINGS = NO;
				SWIFT_VERSION = 5.0;
				TARGETED_DEVICE_FAMILY = "1,2";
				TEST_HOST = "$(BUILT_PRODUCTS_DIR)/fileExample.app/$(BUNDLE_EXECUTABLE_FOLDER_PATH)/fileExample";
			};
			name = Debug;
		};
		BD80A5D42A4B3B7A00E79605 /* Release */ = {
			isa = XCBuildConfiguration;
			buildSettings = {
				ALWAYS_EMBED_SWIFT_STANDARD_LIBRARIES = YES;
				BUNDLE_LOADER = "$(TEST_HOST)";
				CODE_SIGN_STYLE = Automatic;
				CURRENT_PROJECT_VERSION = 1;
				GENERATE_INFOPLIST_FILE = YES;
				IPHONEOS_DEPLOYMENT_TARGET = 16.4;
				MARKETING_VERSION = 1.0;
				PRODUCT_BUNDLE_IDENTIFIER = kwk.fileExampleTests;
				PRODUCT_NAME = "$(TARGET_NAME)";
				SWIFT_EMIT_LOC_STRINGS = NO;
				SWIFT_VERSION = 5.0;
				TARGETED_DEVICE_FAMILY = "1,2";
				TEST_HOST = "$(BUILT_PRODUCTS_DIR)/fileExample.app/$(BUNDLE_EXECUTABLE_FOLDER_PATH)/fileExample";
			};
			name = Release;
		};
		BD80A5D62A4B3B7A00E79605 /* Debug */ = {
			isa = XCBuildConfiguration;
			buildSettings = {
				ALWAYS_EMBED_SWIFT_STANDARD_LIBRARIES = YES;
				CODE_SIGN_STYLE = Automatic;
				CURRENT_PROJECT_VERSION = 1;
				GENERATE_INFOPLIST_FILE = YES;
				MARKETING_VERSION = 1.0;
				PRODUCT_BUNDLE_IDENTIFIER = kwk.fileExampleUITests;
				PRODUCT_NAME = "$(TARGET_NAME)";
				SWIFT_EMIT_LOC_STRINGS = NO;
				SWIFT_VERSION = 5.0;
				TARGETED_DEVICE_FAMILY = "1,2";
				TEST_TARGET_NAME = fileExample;
			};
			name = Debug;
		};
		BD80A5D72A4B3B7A00E79605 /* Release */ = {
			isa = XCBuildConfiguration;
			buildSettings = {
				ALWAYS_EMBED_SWIFT_STANDARD_LIBRARIES = YES;
				CODE_SIGN_STYLE = Automatic;
				CURRENT_PROJECT_VERSION = 1;
				GENERATE_INFOPLIST_FILE = YES;
				MARKETING_VERSION = 1.0;
				PRODUCT_BUNDLE_IDENTIFIER = kwk.fileExampleUITests;
				PRODUCT_NAME = "$(TARGET_NAME)";
				SWIFT_EMIT_LOC_STRINGS = NO;
				SWIFT_VERSION = 5.0;
				TARGETED_DEVICE_FAMILY = "1,2";
				TEST_TARGET_NAME = fileExample;
			};
			name = Release;
		};
/* End XCBuildConfiguration section */

/* Begin XCConfigurationList section */
		BD80A5A62A4B3B7800E79605 /* Build configuration list for PBXProject "fileExample" */ = {
			isa = XCConfigurationList;
			buildConfigurations = (
				BD80A5CD2A4B3B7A00E79605 /* Debug */,
				BD80A5CE2A4B3B7A00E79605 /* Release */,
			);
			defaultConfigurationIsVisible = 0;
			defaultConfigurationName = Release;
		};
		BD80A5CF2A4B3B7A00E79605 /* Build configuration list for PBXNativeTarget "fileExample" */ = {
			isa = XCConfigurationList;
			buildConfigurations = (
				BD80A5D02A4B3B7A00E79605 /* Debug */,
				BD80A5D12A4B3B7A00E79605 /* Release */,
			);
			defaultConfigurationIsVisible = 0;
			defaultConfigurationName = Release;
		};
		BD80A5D22A4B3B7A00E79605 /* Build configuration list for PBXNativeTarget "fileExampleTests" */ = {
			isa = XCConfigurationList;
			buildConfigurations = (
				BD80A5D32A4B3B7A00E79605 /* Debug */,
				BD80A5D42A4B3B7A00E79605 /* Release */,
			);
			defaultConfigurationIsVisible = 0;
			defaultConfigurationName = Release;
		};
		BD80A5D52A4B3B7A00E79605 /* Build configuration list for PBXNativeTarget "fileExampleUITests" */ = {
			isa = XCConfigurationList;
			buildConfigurations = (
				BD80A5D62A4B3B7A00E79605 /* Debug */,
				BD80A5D72A4B3B7A00E79605 /* Release */,
			);
			defaultConfigurationIsVisible = 0;
			defaultConfigurationName = Release;
		};
/* End XCConfigurationList section */
	};
	rootObject = BD80A5A32A4B3B7800E79605 /* Project object */;
}
